
Microsoft Visual Studio Solution File, Format Version 12.00
# Visual Studio 14
VisualStudioVersion = 14.0.25420.1
MinimumVisualStudioVersion = 10.0.40219.1
Project("{FAE04EC0-301F-11D3-BF4B-00C04F79EFBC}") = "DevEnvTest", "DevEnvTest\DevEnvTest.csproj", "{46530D2C-FC84-4EFC-A085-0CAEE2032FF0}"
EndProject
Project("{FAE04EC0-301F-11D3-BF4B-00C04F79EFBC}") = "DevEnvTest.Droid", "DevEnvTest.Droid\DevEnvTest.Droid.csproj", "{AF4864C9-E893-4DE7-A7EF-ACE2971AE9ED}"
EndProject
Project("{FAE04EC0-301F-11D3-BF4B-00C04F79EFBC}") = "DevEnvTest.iOS", "DevEnvTest.iOS\DevEnvTest.iOS.csproj", "{A0558C37-299B-49FD-A479-99EA58851AB3}"
EndProject
Global
	GlobalSection(SolutionConfigurationPlatforms) = preSolution
		Ad-Hoc|Any CPU = Ad-Hoc|Any CPU
		Ad-Hoc|iPhone = Ad-Hoc|iPhone
		Ad-Hoc|iPhoneSimulator = Ad-Hoc|iPhoneSimulator
		AppStore|Any CPU = AppStore|Any CPU
		AppStore|iPhone = AppStore|iPhone
		AppStore|iPhoneSimulator = AppStore|iPhoneSimulator
		Debug|Any CPU = Debug|Any CPU
		Debug|iPhone = Debug|iPhone
		Debug|iPhoneSimulator = Debug|iPhoneSimulator
		Release|Any CPU = Release|Any CPU
		Release|iPhone = Release|iPhone
		Release|iPhoneSimulator = Release|iPhoneSimulator
	EndGlobalSection
	GlobalSection(ProjectConfigurationPlatforms) = postSolution
		{46530D2C-FC84-4EFC-A085-0CAEE2032FF0}.Ad-Hoc|Any CPU.ActiveCfg = Release|Any CPU
		{46530D2C-FC84-4EFC-A085-0CAEE2032FF0}.Ad-Hoc|Any CPU.Build.0 = Release|Any CPU
		{46530D2C-FC84-4EFC-A085-0CAEE2032FF0}.Ad-Hoc|iPhone.ActiveCfg = Release|Any CPU
		{46530D2C-FC84-4EFC-A085-0CAEE2032FF0}.Ad-Hoc|iPhone.Build.0 = Release|Any CPU
		{46530D2C-FC84-4EFC-A085-0CAEE2032FF0}.Ad-Hoc|iPhoneSimulator.ActiveCfg = Release|Any CPU
		{46530D2C-FC84-4EFC-A085-0CAEE2032FF0}.Ad-Hoc|iPhoneSimulator.Build.0 = Release|Any CPU
		{46530D2C-FC84-4EFC-A085-0CAEE2032FF0}.AppStore|Any CPU.ActiveCfg = Release|Any CPU
		{46530D2C-FC84-4EFC-A085-0CAEE2032FF0}.AppStore|Any CPU.Build.0 = Release|Any CPU
		{46530D2C-FC84-4EFC-A085-0CAEE2032FF0}.AppStore|iPhone.ActiveCfg = Release|Any CPU
		{46530D2C-FC84-4EFC-A085-0CAEE2032FF0}.AppStore|iPhone.Build.0 = Release|Any CPU
		{46530D2C-FC84-4EFC-A085-0CAEE2032FF0}.AppStore|iPhoneSimulator.ActiveCfg = Release|Any CPU
		{46530D2C-FC84-4EFC-A085-0CAEE2032FF0}.AppStore|iPhoneSimulator.Build.0 = Release|Any CPU
		{46530D2C-FC84-4EFC-A085-0CAEE2032FF0}.Debug|Any CPU.ActiveCfg = Debug|Any CPU
		{46530D2C-FC84-4EFC-A085-0CAEE2032FF0}.Debug|Any CPU.Build.0 = Debug|Any CPU
		{46530D2C-FC84-4EFC-A085-0CAEE2032FF0}.Debug|iPhone.ActiveCfg = Debug|Any CPU
		{46530D2C-FC84-4EFC-A085-0CAEE2032FF0}.Debug|iPhone.Build.0 = Debug|Any CPU
		{46530D2C-FC84-4EFC-A085-0CAEE2032FF0}.Debug|iPhoneSimulator.ActiveCfg = Debug|Any CPU
		{46530D2C-FC84-4EFC-A085-0CAEE2032FF0}.Debug|iPhoneSimulator.Build.0 = Debug|Any CPU
		{46530D2C-FC84-4EFC-A085-0CAEE2032FF0}.Release|Any CPU.ActiveCfg = Release|Any CPU
		{46530D2C-FC84-4EFC-A085-0CAEE2032FF0}.Release|Any CPU.Build.0 = Release|Any CPU
		{46530D2C-FC84-4EFC-A085-0CAEE2032FF0}.Release|iPhone.ActiveCfg = Release|Any CPU
		{46530D2C-FC84-4EFC-A085-0CAEE2032FF0}.Release|iPhone.Build.0 = Release|Any CPU
		{46530D2C-FC84-4EFC-A085-0CAEE2032FF0}.Release|iPhoneSimulator.ActiveCfg = Release|Any CPU
		{46530D2C-FC84-4EFC-A085-0CAEE2032FF0}.Release|iPhoneSimulator.Build.0 = Release|Any CPU
		{AF4864C9-E893-4DE7-A7EF-ACE2971AE9ED}.Ad-Hoc|Any CPU.ActiveCfg = Release|Any CPU
		{AF4864C9-E893-4DE7-A7EF-ACE2971AE9ED}.Ad-Hoc|Any CPU.Build.0 = Release|Any CPU
		{AF4864C9-E893-4DE7-A7EF-ACE2971AE9ED}.Ad-Hoc|Any CPU.Deploy.0 = Release|Any CPU
		{AF4864C9-E893-4DE7-A7EF-ACE2971AE9ED}.Ad-Hoc|iPhone.ActiveCfg = Release|Any CPU
		{AF4864C9-E893-4DE7-A7EF-ACE2971AE9ED}.Ad-Hoc|iPhone.Build.0 = Release|Any CPU
		{AF4864C9-E893-4DE7-A7EF-ACE2971AE9ED}.Ad-Hoc|iPhone.Deploy.0 = Release|Any CPU
		{AF4864C9-E893-4DE7-A7EF-ACE2971AE9ED}.Ad-Hoc|iPhoneSimulator.ActiveCfg = Release|Any CPU
		{AF4864C9-E893-4DE7-A7EF-ACE2971AE9ED}.Ad-Hoc|iPhoneSimulator.Build.0 = Release|Any CPU
		{AF4864C9-E893-4DE7-A7EF-ACE2971AE9ED}.Ad-Hoc|iPhoneSimulator.Deploy.0 = Release|Any CPU
		{AF4864C9-E893-4DE7-A7EF-ACE2971AE9ED}.AppStore|Any CPU.ActiveCfg = Release|Any CPU
		{AF4864C9-E893-4DE7-A7EF-ACE2971AE9ED}.AppStore|Any CPU.Build.0 = Release|Any CPU
		{AF4864C9-E893-4DE7-A7EF-ACE2971AE9ED}.AppStore|Any CPU.Deploy.0 = Release|Any CPU
		{AF4864C9-E893-4DE7-A7EF-ACE2971AE9ED}.AppStore|iPhone.ActiveCfg = Release|Any CPU
		{AF4864C9-E893-4DE7-A7EF-ACE2971AE9ED}.AppStore|iPhone.Build.0 = Release|Any CPU
		{AF4864C9-E893-4DE7-A7EF-ACE2971AE9ED}.AppStore|iPhone.Deploy.0 = Release|Any CPU
		{AF4864C9-E893-4DE7-A7EF-ACE2971AE9ED}.AppStore|iPhoneSimulator.ActiveCfg = Release|Any CPU
		{AF4864C9-E893-4DE7-A7EF-ACE2971AE9ED}.AppStore|iPhoneSimulator.Build.0 = Release|Any CPU
		{AF4864C9-E893-4DE7-A7EF-ACE2971AE9ED}.AppStore|iPhoneSimulator.Deploy.0 = Release|Any CPU
		{AF4864C9-E893-4DE7-A7EF-ACE2971AE9ED}.Debug|Any CPU.ActiveCfg = Debug|Any CPU
		{AF4864C9-E893-4DE7-A7EF-ACE2971AE9ED}.Debug|Any CPU.Build.0 = Debug|Any CPU
		{AF4864C9-E893-4DE7-A7EF-ACE2971AE9ED}.Debug|Any CPU.Deploy.0 = Debug|Any CPU
		{AF4864C9-E893-4DE7-A7EF-ACE2971AE9ED}.Debug|iPhone.ActiveCfg = Debug|Any CPU
		{AF4864C9-E893-4DE7-A7EF-ACE2971AE9ED}.Debug|iPhone.Build.0 = Debug|Any CPU
		{AF4864C9-E893-4DE7-A7EF-ACE2971AE9ED}.Debug|iPhone.Deploy.0 = Debug|Any CPU
		{AF4864C9-E893-4DE7-A7EF-ACE2971AE9ED}.Debug|iPhoneSimulator.ActiveCfg = Debug|Any CPU
		{AF4864C9-E893-4DE7-A7EF-ACE2971AE9ED}.Debug|iPhoneSimulator.Build.0 = Debug|Any CPU
		{AF4864C9-E893-4DE7-A7EF-ACE2971AE9ED}.Debug|iPhoneSimulator.Deploy.0 = Debug|Any CPU
		{AF4864C9-E893-4DE7-A7EF-ACE2971AE9ED}.Release|Any CPU.ActiveCfg = Release|Any CPU
		{AF4864C9-E893-4DE7-A7EF-ACE2971AE9ED}.Release|Any CPU.Build.0 = Release|Any CPU
		{AF4864C9-E893-4DE7-A7EF-ACE2971AE9ED}.Release|Any CPU.Deploy.0 = Release|Any CPU
		{AF4864C9-E893-4DE7-A7EF-ACE2971AE9ED}.Release|iPhone.ActiveCfg = Release|Any CPU
		{AF4864C9-E893-4DE7-A7EF-ACE2971AE9ED}.Release|iPhone.Build.0 = Release|Any CPU
		{AF4864C9-E893-4DE7-A7EF-ACE2971AE9ED}.Release|iPhone.Deploy.0 = Release|Any CPU
		{AF4864C9-E893-4DE7-A7EF-ACE2971AE9ED}.Release|iPhoneSimulator.ActiveCfg = Release|Any CPU
		{AF4864C9-E893-4DE7-A7EF-ACE2971AE9ED}.Release|iPhoneSimulator.Build.0 = Release|Any CPU
		{AF4864C9-E893-4DE7-A7EF-ACE2971AE9ED}.Release|iPhoneSimulator.Deploy.0 = Release|Any CPU
		{A0558C37-299B-49FD-A479-99EA58851AB3}.Ad-Hoc|Any CPU.ActiveCfg = Ad-Hoc|iPhone
		{A0558C37-299B-49FD-A479-99EA58851AB3}.Ad-Hoc|iPhone.ActiveCfg = Ad-Hoc|iPhone
		{A0558C37-299B-49FD-A479-99EA58851AB3}.Ad-Hoc|iPhone.Build.0 = Ad-Hoc|iPhone
		{A0558C37-299B-49FD-A479-99EA58851AB3}.Ad-Hoc|iPhoneSimulator.ActiveCfg = Ad-Hoc|iPhoneSimulator
		{A0558C37-299B-49FD-A479-99EA58851AB3}.Ad-Hoc|iPhoneSimulator.Build.0 = Ad-Hoc|iPhoneSimulator
		{A0558C37-299B-49FD-A479-99EA58851AB3}.AppStore|Any CPU.ActiveCfg = AppStore|iPhone
		{A0558C37-299B-49FD-A479-99EA58851AB3}.AppStore|iPhone.ActiveCfg = AppStore|iPhone
		{A0558C37-299B-49FD-A479-99EA58851AB3}.AppStore|iPhone.Build.0 = AppStore|iPhone
		{A0558C37-299B-49FD-A479-99EA58851AB3}.AppStore|iPhoneSimulator.ActiveCfg = AppStore|iPhoneSimulator
		{A0558C37-299B-49FD-A479-99EA58851AB3}.AppStore|iPhoneSimulator.Build.0 = AppStore|iPhoneSimulator
		{A0558C37-299B-49FD-A479-99EA58851AB3}.Debug|Any CPU.ActiveCfg = Debug|iPhone
		{A0558C37-299B-49FD-A479-99EA58851AB3}.Debug|iPhone.ActiveCfg = Debug|iPhone
		{A0558C37-299B-49FD-A479-99EA58851AB3}.Debug|iPhone.Build.0 = Debug|iPhone
		{A0558C37-299B-49FD-A479-99EA58851AB3}.Debug|iPhoneSimulator.ActiveCfg = Debug|iPhoneSimulator
		{A0558C37-299B-49FD-A479-99EA58851AB3}.Debug|iPhoneSimulator.Build.0 = Debug|iPhoneSimulator
		{A0558C37-299B-49FD-A479-99EA58851AB3}.Release|Any CPU.ActiveCfg = Release|iPhone
		{A0558C37-299B-49FD-A479-99EA58851AB3}.Release|iPhone.ActiveCfg = Release|iPhone
		{A0558C37-299B-49FD-A479-99EA58851AB3}.Release|iPhone.Build.0 = Release|iPhone
		{A0558C37-299B-49FD-A479-99EA58851AB3}.Release|iPhoneSimulator.ActiveCfg = Release|iPhoneSimulator
		{A0558C37-299B-49FD-A479-99EA58851AB3}.Release|iPhoneSimulator.Build.0 = Release|iPhoneSimulator
	EndGlobalSection
	GlobalSection(SolutionProperties) = preSolution
		HideSolutionNode = FALSE
	EndGlobalSection
EndGlobal
